
Microsoft Visual Studio Solution File, Format Version 12.00
# Visual Studio 15
VisualStudioVersion = 15.0.28010.2036
MinimumVisualStudioVersion = 10.0.40219.1
Project("{FAE04EC0-301F-11D3-BF4B-00C04F79EFBC}") = "Beispiel", "Beispiel\Beispiel.csproj", "{E059C561-C97C-45B0-949E-660B352712D8}"
EndProject
Project("{FAE04EC0-301F-11D3-BF4B-00C04F79EFBC}") = "Beispiel.Tests", "Beispiel.Tests\Beispiel.Tests.csproj", "{0F103EFA-AD5C-466E-8E69-4566FC7CE467}"
EndProject
Global
	GlobalSection(SolutionConfigurationPlatforms) = preSolution
		Debug|Any CPU = Debug|Any CPU
		Release|Any CPU = Release|Any CPU
	EndGlobalSection
	GlobalSection(ProjectConfigurationPlatforms) = postSolution
		{E059C561-C97C-45B0-949E-660B352712D8}.Debug|Any CPU.ActiveCfg = Debug|Any CPU
		{E059C561-C97C-45B0-949E-660B352712D8}.Debug|Any CPU.Build.0 = Debug|Any CPU
		{E059C561-C97C-45B0-949E-660B352712D8}.Release|Any CPU.ActiveCfg = Release|Any CPU
		{E059C561-C97C-45B0-949E-660B352712D8}.Release|Any CPU.Build.0 = Release|Any CPU
		{0F103EFA-AD5C-466E-8E69-4566FC7CE467}.Debug|Any CPU.ActiveCfg = Debug|Any CPU
		{0F103EFA-AD5C-466E-8E69-4566FC7CE467}.Debug|Any CPU.Build.0 = Debug|Any CPU
		{0F103EFA-AD5C-466E-8E69-4566FC7CE467}.Release|Any CPU.ActiveCfg = Release|Any CPU
		{0F103EFA-AD5C-466E-8E69-4566FC7CE467}.Release|Any CPU.Build.0 = Release|Any CPU
	EndGlobalSection
	GlobalSection(SolutionProperties) = preSolution
		HideSolutionNode = FALSE
	EndGlobalSection
	GlobalSection(ExtensibilityGlobals) = postSolution
		SolutionGuid = {C230696F-2ADC-4DC8-8976-BD961BE631DC}
	EndGlobalSection
EndGlobal
